
Microsoft Visual Studio Solution File, Format Version 12.00
# Visual Studio Version 17
VisualStudioVersion = 17.6.33801.468
MinimumVisualStudioVersion = 10.0.40219.1
Project("{9A19103F-16F7-4668-BE54-9A1E7A4F7556}") = "ToDoList", "ToDoList\ToDoList.csproj", "{F571A966-9227-4333-97FB-CF90D486501A}"
EndProject
Project("{FAE04EC0-301F-11D3-BF4B-00C04F79EFBC}") = "ToDoList.DAL", "ToDoList.DAL\ToDoList.DAL.csproj", "{5921E14C-BB41-4B58-948A-8995F300E131}"
EndProject
Project("{FAE04EC0-301F-11D3-BF4B-00C04F79EFBC}") = "ToDoList.BLL", "ToDoList.BLL\ToDoList.BLL.csproj", "{71349E9D-2AD9-4AC8-8EFD-CD5D2AB90252}"
EndProject
Global
	GlobalSection(SolutionConfigurationPlatforms) = preSolution
		Debug|Any CPU = Debug|Any CPU
		Release|Any CPU = Release|Any CPU
	EndGlobalSection
	GlobalSection(ProjectConfigurationPlatforms) = postSolution
		{F571A966-9227-4333-97FB-CF90D486501A}.Debug|Any CPU.ActiveCfg = Debug|Any CPU
		{F571A966-9227-4333-97FB-CF90D486501A}.Debug|Any CPU.Build.0 = Debug|Any CPU
		{F571A966-9227-4333-97FB-CF90D486501A}.Release|Any CPU.ActiveCfg = Release|Any CPU
		{F571A966-9227-4333-97FB-CF90D486501A}.Release|Any CPU.Build.0 = Release|Any CPU
		{5921E14C-BB41-4B58-948A-8995F300E131}.Debug|Any CPU.ActiveCfg = Debug|Any CPU
		{5921E14C-BB41-4B58-948A-8995F300E131}.Debug|Any CPU.Build.0 = Debug|Any CPU
		{5921E14C-BB41-4B58-948A-8995F300E131}.Release|Any CPU.ActiveCfg = Release|Any CPU
		{5921E14C-BB41-4B58-948A-8995F300E131}.Release|Any CPU.Build.0 = Release|Any CPU
		{71349E9D-2AD9-4AC8-8EFD-CD5D2AB90252}.Debug|Any CPU.ActiveCfg = Debug|Any CPU
		{71349E9D-2AD9-4AC8-8EFD-CD5D2AB90252}.Debug|Any CPU.Build.0 = Debug|Any CPU
		{71349E9D-2AD9-4AC8-8EFD-CD5D2AB90252}.Release|Any CPU.ActiveCfg = Release|Any CPU
		{71349E9D-2AD9-4AC8-8EFD-CD5D2AB90252}.Release|Any CPU.Build.0 = Release|Any CPU
	EndGlobalSection
	GlobalSection(SolutionProperties) = preSolution
		HideSolutionNode = FALSE
	EndGlobalSection
	GlobalSection(ExtensibilityGlobals) = postSolution
		SolutionGuid = {9AD901A1-3A49-4922-A119-6A08D15FCDF6}
	EndGlobalSection
EndGlobal
